// !$*UTF8*$!
{
	archiveVersion = 1;
	classes = {
	};
	objectVersion = 77;
	objects = {

/* Begin PBXBuildFile section */
		21EC0A6DD1888FEDBBC8F210 /* UpcomingView.swift in Sources */ = {isa = PBXBuildFile; fileRef = CED7A25A7009FAC3A67968F4 /* UpcomingView.swift */; };
		48853CA435C355791D4960B1 /* AccountLinkView.swift in Sources */ = {isa = PBXBuildFile; fileRef = 96096AE7BEB4A790EB44EE6D /* AccountLinkView.swift */; };
		49CB64A17C2A7450045A5837 /* SearchViewModel.swift in Sources */ = {isa = PBXBuildFile; fileRef = 800D3A7F0F90CC497CDE406A /* SearchViewModel.swift */; };
		49E24AAFB8826D6624CC5D26 /* Models.swift in Sources */ = {isa = PBXBuildFile; fileRef = F65F9A220DD70E0091483AB9 /* Models.swift */; };
		53B597876EC23A3038EFC8D9 /* SearchView.swift in Sources */ = {isa = PBXBuildFile; fileRef = D721065B90374DF22B4D5FEB /* SearchView.swift */; };
		5B9BEBFBA5B21C5D044051EA /* ProjectsView.swift in Sources */ = {isa = PBXBuildFile; fileRef = 416BAE37358AD3B667B2F765 /* ProjectsView.swift */; };
		751B1486DA0F3308CFEE9041 /* RootTabView.swift in Sources */ = {isa = PBXBuildFile; fileRef = 4B702F7E71908E355A22E852 /* RootTabView.swift */; };
		7CB0BA8F51252BA0253A7022 /* TaskEditorView.swift in Sources */ = {isa = PBXBuildFile; fileRef = B8EA8EF9B1D01DAC825611C1 /* TaskEditorView.swift */; };
		869D1D39C6376A31416A5922 /* FocusFlowApp.swift in Sources */ = {isa = PBXBuildFile; fileRef = 1B22DC30E560040746CAB3D5 /* FocusFlowApp.swift */; };
		86A913D3C3F1FCEB9A663E3D /* UpcomingViewModel.swift in Sources */ = {isa = PBXBuildFile; fileRef = D7247A14F42C53A7A65AEE2D /* UpcomingViewModel.swift */; };
		8F8C0E52D5A1C5536A00195E /* DTOs.swift in Sources */ = {isa = PBXBuildFile; fileRef = 25684CA755EB8D97EB2D2774 /* DTOs.swift */; };
		9F767EFAD8FDA97E4E515F4D /* SignInView.swift in Sources */ = {isa = PBXBuildFile; fileRef = 9B23D2EFA428BADB996B9CFD /* SignInView.swift */; };
		A5ECD7638D700215E7BC86AD /* KeychainStore.swift in Sources */ = {isa = PBXBuildFile; fileRef = C3606F090FC9555C303BF957 /* KeychainStore.swift */; };
		B1C21183EF96E16D7230174C /* TaskRepository.swift in Sources */ = {isa = PBXBuildFile; fileRef = 0062950F0681F34C84234F46 /* TaskRepository.swift */; };
		B9270A670A8A68D0924A14DF /* TaskRowView.swift in Sources */ = {isa = PBXBuildFile; fileRef = 39FF4D9E1FE705197ACE2157 /* TaskRowView.swift */; };
		C633584100B39FE691B2B253 /* TodayView.swift in Sources */ = {isa = PBXBuildFile; fileRef = EF46F2A76EE3AF947DF881D3 /* TodayView.swift */; };
		DDC5AB30AA2BD4307791EAAE /* SessionStore.swift in Sources */ = {isa = PBXBuildFile; fileRef = F5BD85C678C1F5F67BEDE759 /* SessionStore.swift */; };
		DE2C0E6520C93B26B84D9A69 /* TodayViewModel.swift in Sources */ = {isa = PBXBuildFile; fileRef = 88F4FA4052A94FB4A0906DC6 /* TodayViewModel.swift */; };
		DE4DD2215275DF2687A01827 /* ProjectsViewModel.swift in Sources */ = {isa = PBXBuildFile; fileRef = 38A21553F143EC4A1523007C /* ProjectsViewModel.swift */; };
		F37ED9A3B25061C490E7B8B9 /* APIClient.swift in Sources */ = {isa = PBXBuildFile; fileRef = 5774E665772ED764CC16A977 /* APIClient.swift */; };
/* End PBXBuildFile section */

/* Begin PBXFileReference section */
		0062950F0681F34C84234F46 /* TaskRepository.swift */ = {isa = PBXFileReference; lastKnownFileType = sourcecode.swift; path = TaskRepository.swift; sourceTree = "<group>"; };
		1B22DC30E560040746CAB3D5 /* FocusFlowApp.swift */ = {isa = PBXFileReference; lastKnownFileType = sourcecode.swift; path = FocusFlowApp.swift; sourceTree = "<group>"; };
		25684CA755EB8D97EB2D2774 /* DTOs.swift */ = {isa = PBXFileReference; lastKnownFileType = sourcecode.swift; path = DTOs.swift; sourceTree = "<group>"; };
		38A21553F143EC4A1523007C /* ProjectsViewModel.swift */ = {isa = PBXFileReference; lastKnownFileType = sourcecode.swift; path = ProjectsViewModel.swift; sourceTree = "<group>"; };
		39FF4D9E1FE705197ACE2157 /* TaskRowView.swift */ = {isa = PBXFileReference; lastKnownFileType = sourcecode.swift; path = TaskRowView.swift; sourceTree = "<group>"; };
		416BAE37358AD3B667B2F765 /* ProjectsView.swift */ = {isa = PBXFileReference; lastKnownFileType = sourcecode.swift; path = ProjectsView.swift; sourceTree = "<group>"; };
		46C82C6AFF6D526B52DC390B /* Info.plist */ = {isa = PBXFileReference; lastKnownFileType = text.plist; path = Info.plist; sourceTree = "<group>"; };
		4B702F7E71908E355A22E852 /* RootTabView.swift */ = {isa = PBXFileReference; lastKnownFileType = sourcecode.swift; path = RootTabView.swift; sourceTree = "<group>"; };
		5774E665772ED764CC16A977 /* APIClient.swift */ = {isa = PBXFileReference; lastKnownFileType = sourcecode.swift; path = APIClient.swift; sourceTree = "<group>"; };
		800D3A7F0F90CC497CDE406A /* SearchViewModel.swift */ = {isa = PBXFileReference; lastKnownFileType = sourcecode.swift; path = SearchViewModel.swift; sourceTree = "<group>"; };
		88F4FA4052A94FB4A0906DC6 /* TodayViewModel.swift */ = {isa = PBXFileReference; lastKnownFileType = sourcecode.swift; path = TodayViewModel.swift; sourceTree = "<group>"; };
		96096AE7BEB4A790EB44EE6D /* AccountLinkView.swift */ = {isa = PBXFileReference; lastKnownFileType = sourcecode.swift; path = AccountLinkView.swift; sourceTree = "<group>"; };
		9B23D2EFA428BADB996B9CFD /* SignInView.swift */ = {isa = PBXFileReference; lastKnownFileType = sourcecode.swift; path = SignInView.swift; sourceTree = "<group>"; };
		AF2CA8D18F777F2E2A08CB53 /* FocusFlow.app */ = {isa = PBXFileReference; includeInIndex = 0; lastKnownFileType = wrapper.application; path = FocusFlow.app; sourceTree = BUILT_PRODUCTS_DIR; };
		B8EA8EF9B1D01DAC825611C1 /* TaskEditorView.swift */ = {isa = PBXFileReference; lastKnownFileType = sourcecode.swift; path = TaskEditorView.swift; sourceTree = "<group>"; };
		BDFFF12F2C8AFE4BF36E15A6 /* FocusFlow.entitlements */ = {isa = PBXFileReference; lastKnownFileType = text.plist.entitlements; path = FocusFlow.entitlements; sourceTree = "<group>"; };
		C3606F090FC9555C303BF957 /* KeychainStore.swift */ = {isa = PBXFileReference; lastKnownFileType = sourcecode.swift; path = KeychainStore.swift; sourceTree = "<group>"; };
		CED7A25A7009FAC3A67968F4 /* UpcomingView.swift */ = {isa = PBXFileReference; lastKnownFileType = sourcecode.swift; path = UpcomingView.swift; sourceTree = "<group>"; };
		D721065B90374DF22B4D5FEB /* SearchView.swift */ = {isa = PBXFileReference; lastKnownFileType = sourcecode.swift; path = SearchView.swift; sourceTree = "<group>"; };
		D7247A14F42C53A7A65AEE2D /* UpcomingViewModel.swift */ = {isa = PBXFileReference; lastKnownFileType = sourcecode.swift; path = UpcomingViewModel.swift; sourceTree = "<group>"; };
		EF46F2A76EE3AF947DF881D3 /* TodayView.swift */ = {isa = PBXFileReference; lastKnownFileType = sourcecode.swift; path = TodayView.swift; sourceTree = "<group>"; };
		F5BD85C678C1F5F67BEDE759 /* SessionStore.swift */ = {isa = PBXFileReference; lastKnownFileType = sourcecode.swift; path = SessionStore.swift; sourceTree = "<group>"; };
		F65F9A220DD70E0091483AB9 /* Models.swift */ = {isa = PBXFileReference; lastKnownFileType = sourcecode.swift; path = Models.swift; sourceTree = "<group>"; };
/* End PBXFileReference section */

/* Begin PBXGroup section */
		12179C1D13D2B700471A3197 /* App */ = {
			isa = PBXGroup;
			children = (
				1B22DC30E560040746CAB3D5 /* FocusFlowApp.swift */,
			);
			path = App;
			sourceTree = "<group>";
		};
		180CC4330546A2E4CA819929 /* Root */ = {
			isa = PBXGroup;
			children = (
				4B702F7E71908E355A22E852 /* RootTabView.swift */,
			);
			path = Root;
			sourceTree = "<group>";
		};
		220331B770EEC98B484B0D46 /* Shared */ = {
			isa = PBXGroup;
			children = (
				39FF4D9E1FE705197ACE2157 /* TaskRowView.swift */,
			);
			path = Shared;
			sourceTree = "<group>";
		};
		2E962C2EC1E508E9A242F642 /* Auth */ = {
			isa = PBXGroup;
			children = (
				96096AE7BEB4A790EB44EE6D /* AccountLinkView.swift */,
				9B23D2EFA428BADB996B9CFD /* SignInView.swift */,
			);
			path = Auth;
			sourceTree = "<group>";
		};
		32717C9228BC78BFBB43C9CA /* Features */ = {
			isa = PBXGroup;
			children = (
				2E962C2EC1E508E9A242F642 /* Auth */,
				C9F9EE0B5D5B7370AC246821 /* Projects */,
				180CC4330546A2E4CA819929 /* Root */,
				C2426C37B7FE8E0EB9F3520C /* Search */,
				220331B770EEC98B484B0D46 /* Shared */,
				33D7A9BBC210DE05EA61E082 /* Today */,
				5A9FDC3CF3D02FA9234DFC53 /* Upcoming */,
			);
			path = Features;
			sourceTree = "<group>";
		};
		33D7A9BBC210DE05EA61E082 /* Today */ = {
			isa = PBXGroup;
			children = (
				B8EA8EF9B1D01DAC825611C1 /* TaskEditorView.swift */,
				EF46F2A76EE3AF947DF881D3 /* TodayView.swift */,
				88F4FA4052A94FB4A0906DC6 /* TodayViewModel.swift */,
			);
			path = Today;
			sourceTree = "<group>";
		};
		3FEAAE055FC1FDD581F0881F /* Products */ = {
			isa = PBXGroup;
			children = (
				AF2CA8D18F777F2E2A08CB53 /* FocusFlow.app */,
			);
			name = Products;
			sourceTree = "<group>";
		};
		514194178FCA7D4F2C2C9927 /* FocusFlow */ = {
			isa = PBXGroup;
			children = (
				12179C1D13D2B700471A3197 /* App */,
				547BD303230D6EE88CF37461 /* Data */,
				32717C9228BC78BFBB43C9CA /* Features */,
				7BC78A40501CFFE717FB4432 /* Networking */,
				9752AE97CEAA09D0A81EA667 /* Resources */,
			);
			path = FocusFlow;
			sourceTree = "<group>";
		};
		547BD303230D6EE88CF37461 /* Data */ = {
			isa = PBXGroup;
			children = (
				C3606F090FC9555C303BF957 /* KeychainStore.swift */,
				F65F9A220DD70E0091483AB9 /* Models.swift */,
				F5BD85C678C1F5F67BEDE759 /* SessionStore.swift */,
				0062950F0681F34C84234F46 /* TaskRepository.swift */,
			);
			path = Data;
			sourceTree = "<group>";
		};
		5A9FDC3CF3D02FA9234DFC53 /* Upcoming */ = {
			isa = PBXGroup;
			children = (
				CED7A25A7009FAC3A67968F4 /* UpcomingView.swift */,
				D7247A14F42C53A7A65AEE2D /* UpcomingViewModel.swift */,
			);
			path = Upcoming;
			sourceTree = "<group>";
		};
		7BC78A40501CFFE717FB4432 /* Networking */ = {
			isa = PBXGroup;
			children = (
				5774E665772ED764CC16A977 /* APIClient.swift */,
				25684CA755EB8D97EB2D2774 /* DTOs.swift */,
			);
			path = Networking;
			sourceTree = "<group>";
		};
		894B6BA12AC8F45C650AF178 = {
			isa = PBXGroup;
			children = (
				514194178FCA7D4F2C2C9927 /* FocusFlow */,
				3FEAAE055FC1FDD581F0881F /* Products */,
			);
			sourceTree = "<group>";
		};
		9752AE97CEAA09D0A81EA667 /* Resources */ = {
			isa = PBXGroup;
			children = (
				BDFFF12F2C8AFE4BF36E15A6 /* FocusFlow.entitlements */,
				46C82C6AFF6D526B52DC390B /* Info.plist */,
			);
			path = Resources;
			sourceTree = "<group>";
		};
		C2426C37B7FE8E0EB9F3520C /* Search */ = {
			isa = PBXGroup;
			children = (
				D721065B90374DF22B4D5FEB /* SearchView.swift */,
				800D3A7F0F90CC497CDE406A /* SearchViewModel.swift */,
			);
			path = Search;
			sourceTree = "<group>";
		};
		C9F9EE0B5D5B7370AC246821 /* Projects */ = {
			isa = PBXGroup;
			children = (
				416BAE37358AD3B667B2F765 /* ProjectsView.swift */,
				38A21553F143EC4A1523007C /* ProjectsViewModel.swift */,
			);
			path = Projects;
			sourceTree = "<group>";
		};
/* End PBXGroup section */

/* Begin PBXNativeTarget section */
		DC4994EFAFF2408E8660C9BD /* FocusFlow */ = {
			isa = PBXNativeTarget;
			buildConfigurationList = 6F1FF262C8813E8AC5EDCF15 /* Build configuration list for PBXNativeTarget "FocusFlow" */;
			buildPhases = (
				75C0FE50CA8B08BF3C4E357C /* Sources */,
			);
			buildRules = (
			);
			dependencies = (
			);
			name = FocusFlow;
			packageProductDependencies = (
			);
			productName = FocusFlow;
			productReference = AF2CA8D18F777F2E2A08CB53 /* FocusFlow.app */;
			productType = "com.apple.product-type.application";
		};
/* End PBXNativeTarget section */

/* Begin PBXProject section */
		97DE19DA9AB725EE9C06FF9B /* Project object */ = {
			isa = PBXProject;
			attributes = {
				BuildIndependentTargetsInParallel = YES;
				LastUpgradeCheck = 1430;
				TargetAttributes = {
					DC4994EFAFF2408E8660C9BD = {
						DevelopmentTeam = VP38993WK6;
						ProvisioningStyle = Automatic;
					};
				};
			};
			buildConfigurationList = 0BB18131807E661ABE3537F8 /* Build configuration list for PBXProject "FocusFlow" */;
			compatibilityVersion = "Xcode 14.0";
			developmentRegion = en;
			hasScannedForEncodings = 0;
			knownRegions = (
				Base,
				en,
			);
			mainGroup = 894B6BA12AC8F45C650AF178;
			minimizedProjectReferenceProxies = 1;
			preferredProjectObjectVersion = 77;
			projectDirPath = "";
			projectRoot = "";
			targets = (
				DC4994EFAFF2408E8660C9BD /* FocusFlow */,
			);
		};
/* End PBXProject section */

/* Begin PBXSourcesBuildPhase section */
		75C0FE50CA8B08BF3C4E357C /* Sources */ = {
			isa = PBXSourcesBuildPhase;
			buildActionMask = 2147483647;
			files = (
				F37ED9A3B25061C490E7B8B9 /* APIClient.swift in Sources */,
				48853CA435C355791D4960B1 /* AccountLinkView.swift in Sources */,
				8F8C0E52D5A1C5536A00195E /* DTOs.swift in Sources */,
				869D1D39C6376A31416A5922 /* FocusFlowApp.swift in Sources */,
				A5ECD7638D700215E7BC86AD /* KeychainStore.swift in Sources */,
				49E24AAFB8826D6624CC5D26 /* Models.swift in Sources */,
				5B9BEBFBA5B21C5D044051EA /* ProjectsView.swift in Sources */,
				DE4DD2215275DF2687A01827 /* ProjectsViewModel.swift in Sources */,
				751B1486DA0F3308CFEE9041 /* RootTabView.swift in Sources */,
				53B597876EC23A3038EFC8D9 /* SearchView.swift in Sources */,
				49CB64A17C2A7450045A5837 /* SearchViewModel.swift in Sources */,
				DDC5AB30AA2BD4307791EAAE /* SessionStore.swift in Sources */,
				9F767EFAD8FDA97E4E515F4D /* SignInView.swift in Sources */,
				7CB0BA8F51252BA0253A7022 /* TaskEditorView.swift in Sources */,
				B1C21183EF96E16D7230174C /* TaskRepository.swift in Sources */,
				B9270A670A8A68D0924A14DF /* TaskRowView.swift in Sources */,
				C633584100B39FE691B2B253 /* TodayView.swift in Sources */,
				DE2C0E6520C93B26B84D9A69 /* TodayViewModel.swift in Sources */,
				21EC0A6DD1888FEDBBC8F210 /* UpcomingView.swift in Sources */,
				86A913D3C3F1FCEB9A663E3D /* UpcomingViewModel.swift in Sources */,
			);
			runOnlyForDeploymentPostprocessing = 0;
		};
/* End PBXSourcesBuildPhase section */

/* Begin XCBuildConfiguration section */
		1C6FCA9812460553C0AAA8E2 /* Debug */ = {
			isa = XCBuildConfiguration;
			buildSettings = {
				ASSETCATALOG_COMPILER_APPICON_NAME = AppIcon;
				CODE_SIGN_ENTITLEMENTS = FocusFlow/Resources/FocusFlow.entitlements;
				CODE_SIGN_IDENTITY = "iPhone Developer";
				CODE_SIGN_STYLE = Automatic;
				DEVELOPMENT_TEAM = VP38993WK6;
				INFOPLIST_FILE = FocusFlow/Resources/Info.plist;
				IPHONEOS_DEPLOYMENT_TARGET = 17.0;
				LD_RUNPATH_SEARCH_PATHS = (
					"$(inherited)",
					"@executable_path/Frameworks",
				);
				PRODUCT_BUNDLE_IDENTIFIER = com.theportlandcompany.focusflow;
				SDKROOT = iphoneos;
				TARGETED_DEVICE_FAMILY = "1,2";
			};
			name = Debug;
		};
		2796D4182B0CBAFC67D63C14 /* Release */ = {
			isa = XCBuildConfiguration;
			buildSettings = {
				ALWAYS_SEARCH_USER_PATHS = NO;
				CLANG_ANALYZER_NONNULL = YES;
				CLANG_ANALYZER_NUMBER_OBJECT_CONVERSION = YES_AGGRESSIVE;
				CLANG_CXX_LANGUAGE_STANDARD = "gnu++14";
				CLANG_CXX_LIBRARY = "libc++";
				CLANG_ENABLE_MODULES = YES;
				CLANG_ENABLE_OBJC_ARC = YES;
				CLANG_ENABLE_OBJC_WEAK = YES;
				CLANG_WARN_BLOCK_CAPTURE_AUTORELEASING = YES;
				CLANG_WARN_BOOL_CONVERSION = YES;
				CLANG_WARN_COMMA = YES;
				CLANG_WARN_CONSTANT_CONVERSION = YES;
				CLANG_WARN_DEPRECATED_OBJC_IMPLEMENTATIONS = YES;
				CLANG_WARN_DIRECT_OBJC_ISA_USAGE = YES_ERROR;
				CLANG_WARN_DOCUMENTATION_COMMENTS = YES;
				CLANG_WARN_EMPTY_BODY = YES;
				CLANG_WARN_ENUM_CONVERSION = YES;
				CLANG_WARN_INFINITE_RECURSION = YES;
				CLANG_WARN_INT_CONVERSION = YES;
				CLANG_WARN_NON_LITERAL_NULL_CONVERSION = YES;
				CLANG_WARN_OBJC_IMPLICIT_RETAIN_SELF = YES;
				CLANG_WARN_OBJC_LITERAL_CONVERSION = YES;
				CLANG_WARN_OBJC_ROOT_CLASS = YES_ERROR;
				CLANG_WARN_QUOTED_INCLUDE_IN_FRAMEWORK_HEADER = YES;
				CLANG_WARN_RANGE_LOOP_ANALYSIS = YES;
				CLANG_WARN_STRICT_PROTOTYPES = YES;
				CLANG_WARN_SUSPICIOUS_MOVE = YES;
				CLANG_WARN_UNGUARDED_AVAILABILITY = YES_AGGRESSIVE;
				CLANG_WARN_UNREACHABLE_CODE = YES;
				CLANG_WARN__DUPLICATE_METHOD_MATCH = YES;
				COPY_PHASE_STRIP = NO;
				DEBUG_INFORMATION_FORMAT = "dwarf-with-dsym";
				ENABLE_NS_ASSERTIONS = NO;
				ENABLE_STRICT_OBJC_MSGSEND = YES;
				GCC_C_LANGUAGE_STANDARD = gnu11;
				GCC_NO_COMMON_BLOCKS = YES;
				GCC_WARN_64_TO_32_BIT_CONVERSION = YES;
				GCC_WARN_ABOUT_RETURN_TYPE = YES_ERROR;
				GCC_WARN_UNDECLARED_SELECTOR = YES;
				GCC_WARN_UNINITIALIZED_AUTOS = YES_AGGRESSIVE;
				GCC_WARN_UNUSED_FUNCTION = YES;
				GCC_WARN_UNUSED_VARIABLE = YES;
				IPHONEOS_DEPLOYMENT_TARGET = 17.0;
				MTL_ENABLE_DEBUG_INFO = NO;
				MTL_FAST_MATH = YES;
				PRODUCT_NAME = "$(TARGET_NAME)";
				SDKROOT = iphoneos;
				SWIFT_COMPILATION_MODE = wholemodule;
				SWIFT_OPTIMIZATION_LEVEL = "-O";
				SWIFT_VERSION = 5.9;
			};
			name = Release;
		};
		782A8521389D9F5B4494BFF8 /* Release */ = {
			isa = XCBuildConfiguration;
			buildSettings = {
				ASSETCATALOG_COMPILER_APPICON_NAME = AppIcon;
				CODE_SIGN_ENTITLEMENTS = FocusFlow/Resources/FocusFlow.entitlements;
				CODE_SIGN_IDENTITY = "iPhone Developer";
				CODE_SIGN_STYLE = Automatic;
				DEVELOPMENT_TEAM = VP38993WK6;
				INFOPLIST_FILE = FocusFlow/Resources/Info.plist;
				IPHONEOS_DEPLOYMENT_TARGET = 17.0;
				LD_RUNPATH_SEARCH_PATHS = (
					"$(inherited)",
					"@executable_path/Frameworks",
				);
				PRODUCT_BUNDLE_IDENTIFIER = com.theportlandcompany.focusflow;
				SDKROOT = iphoneos;
				TARGETED_DEVICE_FAMILY = "1,2";
			};
			name = Release;
		};
		BE6F3938F2E8134B7556845E /* Debug */ = {
			isa = XCBuildConfiguration;
			buildSettings = {
				ALWAYS_SEARCH_USER_PATHS = NO;
				CLANG_ANALYZER_NONNULL = YES;
				CLANG_ANALYZER_NUMBER_OBJECT_CONVERSION = YES_AGGRESSIVE;
				CLANG_CXX_LANGUAGE_STANDARD = "gnu++14";
				CLANG_CXX_LIBRARY = "libc++";
				CLANG_ENABLE_MODULES = YES;
				CLANG_ENABLE_OBJC_ARC = YES;
				CLANG_ENABLE_OBJC_WEAK = YES;
				CLANG_WARN_BLOCK_CAPTURE_AUTORELEASING = YES;
				CLANG_WARN_BOOL_CONVERSION = YES;
				CLANG_WARN_COMMA = YES;
				CLANG_WARN_CONSTANT_CONVERSION = YES;
				CLANG_WARN_DEPRECATED_OBJC_IMPLEMENTATIONS = YES;
				CLANG_WARN_DIRECT_OBJC_ISA_USAGE = YES_ERROR;
				CLANG_WARN_DOCUMENTATION_COMMENTS = YES;
				CLANG_WARN_EMPTY_BODY = YES;
				CLANG_WARN_ENUM_CONVERSION = YES;
				CLANG_WARN_INFINITE_RECURSION = YES;
				CLANG_WARN_INT_CONVERSION = YES;
				CLANG_WARN_NON_LITERAL_NULL_CONVERSION = YES;
				CLANG_WARN_OBJC_IMPLICIT_RETAIN_SELF = YES;
				CLANG_WARN_OBJC_LITERAL_CONVERSION = YES;
				CLANG_WARN_OBJC_ROOT_CLASS = YES_ERROR;
				CLANG_WARN_QUOTED_INCLUDE_IN_FRAMEWORK_HEADER = YES;
				CLANG_WARN_RANGE_LOOP_ANALYSIS = YES;
				CLANG_WARN_STRICT_PROTOTYPES = YES;
				CLANG_WARN_SUSPICIOUS_MOVE = YES;
				CLANG_WARN_UNGUARDED_AVAILABILITY = YES_AGGRESSIVE;
				CLANG_WARN_UNREACHABLE_CODE = YES;
				CLANG_WARN__DUPLICATE_METHOD_MATCH = YES;
				COPY_PHASE_STRIP = NO;
				DEBUG_INFORMATION_FORMAT = dwarf;
				ENABLE_STRICT_OBJC_MSGSEND = YES;
				ENABLE_TESTABILITY = YES;
				GCC_C_LANGUAGE_STANDARD = gnu11;
				GCC_DYNAMIC_NO_PIC = NO;
				GCC_NO_COMMON_BLOCKS = YES;
				GCC_OPTIMIZATION_LEVEL = 0;
				GCC_PREPROCESSOR_DEFINITIONS = (
					"$(inherited)",
					"DEBUG=1",
				);
				GCC_WARN_64_TO_32_BIT_CONVERSION = YES;
				GCC_WARN_ABOUT_RETURN_TYPE = YES_ERROR;
				GCC_WARN_UNDECLARED_SELECTOR = YES;
				GCC_WARN_UNINITIALIZED_AUTOS = YES_AGGRESSIVE;
				GCC_WARN_UNUSED_FUNCTION = YES;
				GCC_WARN_UNUSED_VARIABLE = YES;
				IPHONEOS_DEPLOYMENT_TARGET = 17.0;
				MTL_ENABLE_DEBUG_INFO = INCLUDE_SOURCE;
				MTL_FAST_MATH = YES;
				ONLY_ACTIVE_ARCH = YES;
				PRODUCT_NAME = "$(TARGET_NAME)";
				SDKROOT = iphoneos;
				SWIFT_ACTIVE_COMPILATION_CONDITIONS = DEBUG;
				SWIFT_OPTIMIZATION_LEVEL = "-Onone";
				SWIFT_VERSION = 5.9;
			};
			name = Debug;
		};
/* End XCBuildConfiguration section */

/* Begin XCConfigurationList section */
		0BB18131807E661ABE3537F8 /* Build configuration list for PBXProject "FocusFlow" */ = {
			isa = XCConfigurationList;
			buildConfigurations = (
				BE6F3938F2E8134B7556845E /* Debug */,
				2796D4182B0CBAFC67D63C14 /* Release */,
			);
			defaultConfigurationIsVisible = 0;
			defaultConfigurationName = Debug;
		};
		6F1FF262C8813E8AC5EDCF15 /* Build configuration list for PBXNativeTarget "FocusFlow" */ = {
			isa = XCConfigurationList;
			buildConfigurations = (
				1C6FCA9812460553C0AAA8E2 /* Debug */,
				782A8521389D9F5B4494BFF8 /* Release */,
			);
			defaultConfigurationIsVisible = 0;
			defaultConfigurationName = Debug;
		};
/* End XCConfigurationList section */
	};
	rootObject = 97DE19DA9AB725EE9C06FF9B /* Project object */;
}
